// !$*UTF8*$!
{
	archiveVersion = 1;
	classes = {
	};
	objectVersion = 46;
	objects = {

/* Begin PBXBuildFile section */
		189B79451EDFEF62004D1AA3 /* CommodityDetialEditController.swift in Sources */ = {isa = PBXBuildFile; fileRef = 189B79441EDFEF62004D1AA3 /* CommodityDetialEditController.swift */; };
		3C6E4C9CA47250D281F85C0D /* Pods_demo.framework in Frameworks */ = {isa = PBXBuildFile; fileRef = 6AA8FF08E862C99CB9D657D4 /* Pods_demo.framework */; };
		3E200EA81C4D5FB000A00A10 /* AppDelegate.swift in Sources */ = {isa = PBXBuildFile; fileRef = 3E200EA71C4D5FB000A00A10 /* AppDelegate.swift */; };
		3E200EAA1C4D5FB000A00A10 /* ViewController.swift in Sources */ = {isa = PBXBuildFile; fileRef = 3E200EA91C4D5FB000A00A10 /* ViewController.swift */; };
		3E200EAD1C4D5FB000A00A10 /* Main.storyboard in Resources */ = {isa = PBXBuildFile; fileRef = 3E200EAB1C4D5FB000A00A10 /* Main.storyboard */; };
		3E200EAF1C4D5FB000A00A10 /* Assets.xcassets in Resources */ = {isa = PBXBuildFile; fileRef = 3E200EAE1C4D5FB000A00A10 /* Assets.xcassets */; };
		3E200EB21C4D5FB000A00A10 /* LaunchScreen.storyboard in Resources */ = {isa = PBXBuildFile; fileRef = 3E200EB01C4D5FB000A00A10 /* LaunchScreen.storyboard */; };
		3E200EBD1C4D5FB000A00A10 /* demoTests.swift in Sources */ = {isa = PBXBuildFile; fileRef = 3E200EBC1C4D5FB000A00A10 /* demoTests.swift */; };
		3E200EC81C4D5FB000A00A10 /* demoUITests.swift in Sources */ = {isa = PBXBuildFile; fileRef = 3E200EC71C4D5FB000A00A10 /* demoUITests.swift */; };
		3E2EC8AA1ECDEF4500239032 /* RACViewController2.xib in Resources */ = {isa = PBXBuildFile; fileRef = 3E2EC8A91ECDEF4500239032 /* RACViewController2.xib */; };
		3E2EC8AC1ECE82C100239032 /* Exts.swift in Sources */ = {isa = PBXBuildFile; fileRef = 3E2EC8AB1ECE82C100239032 /* Exts.swift */; };
		3E519A111DDEED7200B60C0E /* MainViewController.swift in Sources */ = {isa = PBXBuildFile; fileRef = 3E519A101DDEED7200B60C0E /* MainViewController.swift */; };
		3E519A131DDEEF4900B60C0E /* MainViewModel.swift in Sources */ = {isa = PBXBuildFile; fileRef = 3E519A121DDEEF4900B60C0E /* MainViewModel.swift */; };
		3E6AF3031EB21F3000B5DB1F /* TableTestController.swift in Sources */ = {isa = PBXBuildFile; fileRef = 3E6AF3021EB21F3000B5DB1F /* TableTestController.swift */; };
		3E6AF3051EB21F4000B5DB1F /* TableTestViewModel.swift in Sources */ = {isa = PBXBuildFile; fileRef = 3E6AF3041EB21F4000B5DB1F /* TableTestViewModel.swift */; };
		3E98399B1D21023D00CF3049 /* ScrollImagesController.swift in Sources */ = {isa = PBXBuildFile; fileRef = 3E98399A1D21023D00CF3049 /* ScrollImagesController.swift */; };
		3EA79C4C1DDC0D4900972A8A /* MVVM.swift in Sources */ = {isa = PBXBuildFile; fileRef = 3EA79C4B1DDC0D4900972A8A /* MVVM.swift */; };
		3EB565AF1DD368F400828FF7 /* RAC.swift in Sources */ = {isa = PBXBuildFile; fileRef = 3EB565AE1DD368F400828FF7 /* RAC.swift */; };
		3EB565C01DD435D300828FF7 /* RACVM.swift in Sources */ = {isa = PBXBuildFile; fileRef = 3EB565BF1DD435D300828FF7 /* RACVM.swift */; };
		3EC64EAF1D0AEF2500717357 /* WebViewController.swift in Sources */ = {isa = PBXBuildFile; fileRef = 3EC64EAE1D0AEF2500717357 /* WebViewController.swift */; };
		3EE51EE31CE8C9B90032729F /* web in Resources */ = {isa = PBXBuildFile; fileRef = 3EE51EE21CE8C9B90032729F /* web */; };
		8EE3D9A11FD697BC00545851 /* GPUImage.framework in Frameworks */ = {isa = PBXBuildFile; fileRef = 8EC9DDBF1FD685E700833029 /* GPUImage.framework */; };
		8EE3D9A21FD697BC00545851 /* GPUImage.framework in Embed Frameworks */ = {isa = PBXBuildFile; fileRef = 8EC9DDBF1FD685E700833029 /* GPUImage.framework */; settings = {ATTRIBUTES = (CodeSignOnCopy, RemoveHeadersOnCopy, ); }; };
		8EE3D9A31FD697BC00545851 /* SVProgressHUD.framework in Frameworks */ = {isa = PBXBuildFile; fileRef = 8EC9DDC01FD685E700833029 /* SVProgressHUD.framework */; };
		8EE3D9A41FD697BC00545851 /* SVProgressHUD.framework in Embed Frameworks */ = {isa = PBXBuildFile; fileRef = 8EC9DDC01FD685E700833029 /* SVProgressHUD.framework */; settings = {ATTRIBUTES = (CodeSignOnCopy, RemoveHeadersOnCopy, ); }; };
		FE424A9C1EFA6A77001DCC2C /* FromViewModel.swift in Sources */ = {isa = PBXBuildFile; fileRef = FE424A9B1EFA6A77001DCC2C /* FromViewModel.swift */; };
		FE6467831EE7E2ED007115B6 /* CategoryVo.swift in Sources */ = {isa = PBXBuildFile; fileRef = FE6467821EE7E2ED007115B6 /* CategoryVo.swift */; };
		FE6467861EE7E386007115B6 /* PropertyViewController.swift in Sources */ = {isa = PBXBuildFile; fileRef = FE6467841EE7E386007115B6 /* PropertyViewController.swift */; };
		FE6467871EE7E386007115B6 /* PropertyViewController.xib in Resources */ = {isa = PBXBuildFile; fileRef = FE6467851EE7E386007115B6 /* PropertyViewController.xib */; };
		FE7DDA5A1EE1162B00D86B35 /* LinComm.framework in Frameworks */ = {isa = PBXBuildFile; fileRef = FE7DDA591EE1162B00D86B35 /* LinComm.framework */; };
		FE7DDA5B1EE1162B00D86B35 /* LinComm.framework in Embed Frameworks */ = {isa = PBXBuildFile; fileRef = FE7DDA591EE1162B00D86B35 /* LinComm.framework */; settings = {ATTRIBUTES = (CodeSignOnCopy, RemoveHeadersOnCopy, ); }; };
		FE7DDA5D1EE1163200D86B35 /* LinCore.framework in Frameworks */ = {isa = PBXBuildFile; fileRef = FE7DDA5C1EE1163200D86B35 /* LinCore.framework */; };
		FE7DDA5E1EE1163200D86B35 /* LinCore.framework in Embed Frameworks */ = {isa = PBXBuildFile; fileRef = FE7DDA5C1EE1163200D86B35 /* LinCore.framework */; settings = {ATTRIBUTES = (CodeSignOnCopy, RemoveHeadersOnCopy, ); }; };
		FE7DDA601EE1163900D86B35 /* LinUtil.framework in Frameworks */ = {isa = PBXBuildFile; fileRef = FE7DDA5F1EE1163900D86B35 /* LinUtil.framework */; };
		FE7DDA611EE1163900D86B35 /* LinUtil.framework in Embed Frameworks */ = {isa = PBXBuildFile; fileRef = FE7DDA5F1EE1163900D86B35 /* LinUtil.framework */; settings = {ATTRIBUTES = (CodeSignOnCopy, RemoveHeadersOnCopy, ); }; };
		FE7DDA631EE1164500D86B35 /* LinRac.framework in Frameworks */ = {isa = PBXBuildFile; fileRef = FE7DDA621EE1164500D86B35 /* LinRac.framework */; };
		FE7DDA641EE1164500D86B35 /* LinRac.framework in Embed Frameworks */ = {isa = PBXBuildFile; fileRef = FE7DDA621EE1164500D86B35 /* LinRac.framework */; settings = {ATTRIBUTES = (CodeSignOnCopy, RemoveHeadersOnCopy, ); }; };
		FECE839F1EE4F91C0072BC55 /* FromController.swift in Sources */ = {isa = PBXBuildFile; fileRef = FECE839E1EE4F91C0072BC55 /* FromController.swift */; };
		FECE83A11EE4FCAA0072BC55 /* TestViewController.swift in Sources */ = {isa = PBXBuildFile; fileRef = FECE83A01EE4FCAA0072BC55 /* TestViewController.swift */; };
/* End PBXBuildFile section */

/* Begin PBXContainerItemProxy section */
		3E200EB91C4D5FB000A00A10 /* PBXContainerItemProxy */ = {
			isa = PBXContainerItemProxy;
			containerPortal = 3E200E9C1C4D5FB000A00A10 /* Project object */;
			proxyType = 1;
			remoteGlobalIDString = 3E200EA31C4D5FB000A00A10;
			remoteInfo = demo;
		};
		3E200EC41C4D5FB000A00A10 /* PBXContainerItemProxy */ = {
			isa = PBXContainerItemProxy;
			containerPortal = 3E200E9C1C4D5FB000A00A10 /* Project object */;
			proxyType = 1;
			remoteGlobalIDString = 3E200EA31C4D5FB000A00A10;
			remoteInfo = demo;
		};
/* End PBXContainerItemProxy section */

/* Begin PBXCopyFilesBuildPhase section */
		3E66A72B1DC79177005628AC /* Embed Frameworks */ = {
			isa = PBXCopyFilesBuildPhase;
			buildActionMask = 2147483647;
			dstPath = "";
			dstSubfolderSpec = 10;
			files = (
				8EE3D9A41FD697BC00545851 /* SVProgressHUD.framework in Embed Frameworks */,
				FE7DDA611EE1163900D86B35 /* LinUtil.framework in Embed Frameworks */,
				8EE3D9A21FD697BC00545851 /* GPUImage.framework in Embed Frameworks */,
				FE7DDA641EE1164500D86B35 /* LinRac.framework in Embed Frameworks */,
				FE7DDA5B1EE1162B00D86B35 /* LinComm.framework in Embed Frameworks */,
				FE7DDA5E1EE1163200D86B35 /* LinCore.framework in Embed Frameworks */,
			);
			name = "Embed Frameworks";
			runOnlyForDeploymentPostprocessing = 0;
		};
/* End PBXCopyFilesBuildPhase section */

/* Begin PBXFileReference section */
		189B79441EDFEF62004D1AA3 /* CommodityDetialEditController.swift */ = {isa = PBXFileReference; fileEncoding = 4; lastKnownFileType = sourcecode.swift; path = CommodityDetialEditController.swift; sourceTree = "<group>"; };
		3E200EA41C4D5FB000A00A10 /* demo.app */ = {isa = PBXFileReference; explicitFileType = wrapper.application; includeInIndex = 0; path = demo.app; sourceTree = BUILT_PRODUCTS_DIR; };
		3E200EA71C4D5FB000A00A10 /* AppDelegate.swift */ = {isa = PBXFileReference; lastKnownFileType = sourcecode.swift; path = AppDelegate.swift; sourceTree = "<group>"; };
		3E200EA91C4D5FB000A00A10 /* ViewController.swift */ = {isa = PBXFileReference; lastKnownFileType = sourcecode.swift; path = ViewController.swift; sourceTree = "<group>"; };
		3E200EAC1C4D5FB000A00A10 /* Base */ = {isa = PBXFileReference; lastKnownFileType = file.storyboard; name = Base; path = Base.lproj/Main.storyboard; sourceTree = "<group>"; };
		3E200EAE1C4D5FB000A00A10 /* Assets.xcassets */ = {isa = PBXFileReference; lastKnownFileType = folder.assetcatalog; path = Assets.xcassets; sourceTree = "<group>"; };
		3E200EB11C4D5FB000A00A10 /* Base */ = {isa = PBXFileReference; lastKnownFileType = file.storyboard; name = Base; path = Base.lproj/LaunchScreen.storyboard; sourceTree = "<group>"; };
		3E200EB31C4D5FB000A00A10 /* Info.plist */ = {isa = PBXFileReference; lastKnownFileType = text.plist.xml; path = Info.plist; sourceTree = "<group>"; };
		3E200EB81C4D5FB000A00A10 /* demoTests.xctest */ = {isa = PBXFileReference; explicitFileType = wrapper.cfbundle; includeInIndex = 0; path = demoTests.xctest; sourceTree = BUILT_PRODUCTS_DIR; };
		3E200EBC1C4D5FB000A00A10 /* demoTests.swift */ = {isa = PBXFileReference; lastKnownFileType = sourcecode.swift; path = demoTests.swift; sourceTree = "<group>"; };
		3E200EBE1C4D5FB000A00A10 /* Info.plist */ = {isa = PBXFileReference; lastKnownFileType = text.plist.xml; path = Info.plist; sourceTree = "<group>"; };
		3E200EC31C4D5FB000A00A10 /* demoUITests.xctest */ = {isa = PBXFileReference; explicitFileType = wrapper.cfbundle; includeInIndex = 0; path = demoUITests.xctest; sourceTree = BUILT_PRODUCTS_DIR; };
		3E200EC71C4D5FB000A00A10 /* demoUITests.swift */ = {isa = PBXFileReference; lastKnownFileType = sourcecode.swift; path = demoUITests.swift; sourceTree = "<group>"; };
		3E200EC91C4D5FB000A00A10 /* Info.plist */ = {isa = PBXFileReference; lastKnownFileType = text.plist.xml; path = Info.plist; sourceTree = "<group>"; };
		3E2EC8A91ECDEF4500239032 /* RACViewController2.xib */ = {isa = PBXFileReference; fileEncoding = 4; lastKnownFileType = file.xib; path = RACViewController2.xib; sourceTree = "<group>"; };
		3E2EC8AB1ECE82C100239032 /* Exts.swift */ = {isa = PBXFileReference; fileEncoding = 4; lastKnownFileType = sourcecode.swift; path = Exts.swift; sourceTree = "<group>"; };
		3E519A101DDEED7200B60C0E /* MainViewController.swift */ = {isa = PBXFileReference; fileEncoding = 4; lastKnownFileType = sourcecode.swift; path = MainViewController.swift; sourceTree = "<group>"; };
		3E519A121DDEEF4900B60C0E /* MainViewModel.swift */ = {isa = PBXFileReference; fileEncoding = 4; lastKnownFileType = sourcecode.swift; path = MainViewModel.swift; sourceTree = "<group>"; };
		3E519A1A1DE1FA2F00B60C0E /* LinRac.framework */ = {isa = PBXFileReference; lastKnownFileType = wrapper.framework; name = LinRac.framework; path = "../rac/build/Debug-iphoneos/LinRac.framework"; sourceTree = "<group>"; };
		3E6AF3021EB21F3000B5DB1F /* TableTestController.swift */ = {isa = PBXFileReference; fileEncoding = 4; lastKnownFileType = sourcecode.swift; path = TableTestController.swift; sourceTree = "<group>"; };
		3E6AF3041EB21F4000B5DB1F /* TableTestViewModel.swift */ = {isa = PBXFileReference; fileEncoding = 4; lastKnownFileType = sourcecode.swift; path = TableTestViewModel.swift; sourceTree = "<group>"; };
		3E98399A1D21023D00CF3049 /* ScrollImagesController.swift */ = {isa = PBXFileReference; fileEncoding = 4; lastKnownFileType = sourcecode.swift; path = ScrollImagesController.swift; sourceTree = "<group>"; };
		3EA79C4B1DDC0D4900972A8A /* MVVM.swift */ = {isa = PBXFileReference; fileEncoding = 4; lastKnownFileType = sourcecode.swift; path = MVVM.swift; sourceTree = "<group>"; };
		3EB565AE1DD368F400828FF7 /* RAC.swift */ = {isa = PBXFileReference; fileEncoding = 4; lastKnownFileType = sourcecode.swift; path = RAC.swift; sourceTree = "<group>"; };
		3EB565BF1DD435D300828FF7 /* RACVM.swift */ = {isa = PBXFileReference; fileEncoding = 4; lastKnownFileType = sourcecode.swift; path = RACVM.swift; sourceTree = "<group>"; };
		3EC64EAE1D0AEF2500717357 /* WebViewController.swift */ = {isa = PBXFileReference; fileEncoding = 4; lastKnownFileType = sourcecode.swift; path = WebViewController.swift; sourceTree = "<group>"; };
		3EC64EB01D0AF00100717357 /* WebKit.framework */ = {isa = PBXFileReference; lastKnownFileType = wrapper.framework; name = WebKit.framework; path = System/Library/Frameworks/WebKit.framework; sourceTree = SDKROOT; };
		3EE51EE21CE8C9B90032729F /* web */ = {isa = PBXFileReference; lastKnownFileType = folder; path = web; sourceTree = "<group>"; };
		6AA8FF08E862C99CB9D657D4 /* Pods_demo.framework */ = {isa = PBXFileReference; explicitFileType = wrapper.framework; includeInIndex = 0; path = Pods_demo.framework; sourceTree = BUILT_PRODUCTS_DIR; };
		8EC9DDBF1FD685E700833029 /* GPUImage.framework */ = {isa = PBXFileReference; explicitFileType = wrapper.framework; path = GPUImage.framework; sourceTree = BUILT_PRODUCTS_DIR; };
		8EC9DDC01FD685E700833029 /* SVProgressHUD.framework */ = {isa = PBXFileReference; explicitFileType = wrapper.framework; path = SVProgressHUD.framework; sourceTree = BUILT_PRODUCTS_DIR; };
		DC0BAD3412467BC34B233B21 /* Pods-demo.debug.xcconfig */ = {isa = PBXFileReference; includeInIndex = 1; lastKnownFileType = text.xcconfig; name = "Pods-demo.debug.xcconfig"; path = "../Pods/Target Support Files/Pods-demo/Pods-demo.debug.xcconfig"; sourceTree = "<group>"; };
		DDBED86DD6B8B51E312AE66A /* Pods-demo.release.xcconfig */ = {isa = PBXFileReference; includeInIndex = 1; lastKnownFileType = text.xcconfig; name = "Pods-demo.release.xcconfig"; path = "../Pods/Target Support Files/Pods-demo/Pods-demo.release.xcconfig"; sourceTree = "<group>"; };
		FE424A9B1EFA6A77001DCC2C /* FromViewModel.swift */ = {isa = PBXFileReference; fileEncoding = 4; lastKnownFileType = sourcecode.swift; path = FromViewModel.swift; sourceTree = "<group>"; };
		FE6467821EE7E2ED007115B6 /* CategoryVo.swift */ = {isa = PBXFileReference; fileEncoding = 4; lastKnownFileType = sourcecode.swift; path = CategoryVo.swift; sourceTree = "<group>"; };
		FE6467841EE7E386007115B6 /* PropertyViewController.swift */ = {isa = PBXFileReference; fileEncoding = 4; lastKnownFileType = sourcecode.swift; path = PropertyViewController.swift; sourceTree = "<group>"; };
		FE6467851EE7E386007115B6 /* PropertyViewController.xib */ = {isa = PBXFileReference; fileEncoding = 4; lastKnownFileType = file.xib; path = PropertyViewController.xib; sourceTree = "<group>"; };
		FE7DDA591EE1162B00D86B35 /* LinComm.framework */ = {isa = PBXFileReference; explicitFileType = wrapper.framework; path = LinComm.framework; sourceTree = BUILT_PRODUCTS_DIR; };
		FE7DDA5C1EE1163200D86B35 /* LinCore.framework */ = {isa = PBXFileReference; explicitFileType = wrapper.framework; path = LinCore.framework; sourceTree = BUILT_PRODUCTS_DIR; };
		FE7DDA5F1EE1163900D86B35 /* LinUtil.framework */ = {isa = PBXFileReference; explicitFileType = wrapper.framework; path = LinUtil.framework; sourceTree = BUILT_PRODUCTS_DIR; };
		FE7DDA621EE1164500D86B35 /* LinRac.framework */ = {isa = PBXFileReference; explicitFileType = wrapper.framework; path = LinRac.framework; sourceTree = BUILT_PRODUCTS_DIR; };
		FECE839E1EE4F91C0072BC55 /* FromController.swift */ = {isa = PBXFileReference; fileEncoding = 4; lastKnownFileType = sourcecode.swift; path = FromController.swift; sourceTree = "<group>"; };
		FECE83A01EE4FCAA0072BC55 /* TestViewController.swift */ = {isa = PBXFileReference; fileEncoding = 4; lastKnownFileType = sourcecode.swift; path = TestViewController.swift; sourceTree = "<group>"; };
/* End PBXFileReference section */

/* Begin PBXFrameworksBuildPhase section */
		3E200EA11C4D5FB000A00A10 /* Frameworks */ = {
			isa = PBXFrameworksBuildPhase;
			buildActionMask = 2147483647;
			files = (
				8EE3D9A31FD697BC00545851 /* SVProgressHUD.framework in Frameworks */,
				FE7DDA631EE1164500D86B35 /* LinRac.framework in Frameworks */,
				FE7DDA5A1EE1162B00D86B35 /* LinComm.framework in Frameworks */,
				FE7DDA5D1EE1163200D86B35 /* LinCore.framework in Frameworks */,
				FE7DDA601EE1163900D86B35 /* LinUtil.framework in Frameworks */,
				3C6E4C9CA47250D281F85C0D /* Pods_demo.framework in Frameworks */,
				8EE3D9A11FD697BC00545851 /* GPUImage.framework in Frameworks */,
			);
			runOnlyForDeploymentPostprocessing = 0;
		};
		3E200EB51C4D5FB000A00A10 /* Frameworks */ = {
			isa = PBXFrameworksBuildPhase;
			buildActionMask = 2147483647;
			files = (
			);
			runOnlyForDeploymentPostprocessing = 0;
		};
		3E200EC01C4D5FB000A00A10 /* Frameworks */ = {
			isa = PBXFrameworksBuildPhase;
			buildActionMask = 2147483647;
			files = (
			);
			runOnlyForDeploymentPostprocessing = 0;
		};
/* End PBXFrameworksBuildPhase section */

/* Begin PBXGroup section */
		3E1974551DB4C97000C5A6EC /* Frameworks */ = {
			isa = PBXGroup;
			children = (
				8EC9DDBF1FD685E700833029 /* GPUImage.framework */,
				8EC9DDC01FD685E700833029 /* SVProgressHUD.framework */,
				3E519A1A1DE1FA2F00B60C0E /* LinRac.framework */,
				6AA8FF08E862C99CB9D657D4 /* Pods_demo.framework */,
			);
			name = Frameworks;
			sourceTree = "<group>";
		};
		3E200E9B1C4D5FB000A00A10 = {
			isa = PBXGroup;
			children = (
				FE7DDA621EE1164500D86B35 /* LinRac.framework */,
				FE7DDA5F1EE1163900D86B35 /* LinUtil.framework */,
				FE7DDA5C1EE1163200D86B35 /* LinCore.framework */,
				FE7DDA591EE1162B00D86B35 /* LinComm.framework */,
				3EC64EB01D0AF00100717357 /* WebKit.framework */,
				3EE51EE21CE8C9B90032729F /* web */,
				3E200EA61C4D5FB000A00A10 /* demo */,
				3E200EBB1C4D5FB000A00A10 /* demoTests */,
				3E200EC61C4D5FB000A00A10 /* demoUITests */,
				3E200EA51C4D5FB000A00A10 /* Products */,
				3E1974551DB4C97000C5A6EC /* Frameworks */,
				84DADA814AB189F426B6990C /* Pods */,
			);
			sourceTree = "<group>";
		};
		3E200EA51C4D5FB000A00A10 /* Products */ = {
			isa = PBXGroup;
			children = (
				3E200EA41C4D5FB000A00A10 /* demo.app */,
				3E200EB81C4D5FB000A00A10 /* demoTests.xctest */,
				3E200EC31C4D5FB000A00A10 /* demoUITests.xctest */,
			);
			name = Products;
			sourceTree = "<group>";
		};
		3E200EA61C4D5FB000A00A10 /* demo */ = {
			isa = PBXGroup;
			children = (
				FE6467811EE7E2E6007115B6 /* property */,
				3E200EA71C4D5FB000A00A10 /* AppDelegate.swift */,
				3E200EA91C4D5FB000A00A10 /* ViewController.swift */,
				3E200EAB1C4D5FB000A00A10 /* Main.storyboard */,
				3E200EAE1C4D5FB000A00A10 /* Assets.xcassets */,
				3E200EB01C4D5FB000A00A10 /* LaunchScreen.storyboard */,
				3E200EB31C4D5FB000A00A10 /* Info.plist */,
				3EC64EAE1D0AEF2500717357 /* WebViewController.swift */,
				3E98399A1D21023D00CF3049 /* ScrollImagesController.swift */,
				3EB565AE1DD368F400828FF7 /* RAC.swift */,
				3EB565BF1DD435D300828FF7 /* RACVM.swift */,
				3EA79C4B1DDC0D4900972A8A /* MVVM.swift */,
				3E519A101DDEED7200B60C0E /* MainViewController.swift */,
				3E519A121DDEEF4900B60C0E /* MainViewModel.swift */,
				189B79441EDFEF62004D1AA3 /* CommodityDetialEditController.swift */,
				3E6AF3021EB21F3000B5DB1F /* TableTestController.swift */,
				3E6AF3041EB21F4000B5DB1F /* TableTestViewModel.swift */,
				3E2EC8A91ECDEF4500239032 /* RACViewController2.xib */,
				3E2EC8AB1ECE82C100239032 /* Exts.swift */,
				FECE839E1EE4F91C0072BC55 /* FromController.swift */,
				FE424A9B1EFA6A77001DCC2C /* FromViewModel.swift */,
				FECE83A01EE4FCAA0072BC55 /* TestViewController.swift */,
			);
			path = demo;
			sourceTree = "<group>";
		};
		3E200EBB1C4D5FB000A00A10 /* demoTests */ = {
			isa = PBXGroup;
			children = (
				3E200EBC1C4D5FB000A00A10 /* demoTests.swift */,
				3E200EBE1C4D5FB000A00A10 /* Info.plist */,
			);
			path = demoTests;
			sourceTree = "<group>";
		};
		3E200EC61C4D5FB000A00A10 /* demoUITests */ = {
			isa = PBXGroup;
			children = (
				3E200EC71C4D5FB000A00A10 /* demoUITests.swift */,
				3E200EC91C4D5FB000A00A10 /* Info.plist */,
			);
			path = demoUITests;
			sourceTree = "<group>";
		};
		84DADA814AB189F426B6990C /* Pods */ = {
			isa = PBXGroup;
			children = (
				DC0BAD3412467BC34B233B21 /* Pods-demo.debug.xcconfig */,
				DDBED86DD6B8B51E312AE66A /* Pods-demo.release.xcconfig */,
			);
			name = Pods;
			sourceTree = "<group>";
		};
		FE6467811EE7E2E6007115B6 /* property */ = {
			isa = PBXGroup;
			children = (
				FE6467821EE7E2ED007115B6 /* CategoryVo.swift */,
				FE6467841EE7E386007115B6 /* PropertyViewController.swift */,
				FE6467851EE7E386007115B6 /* PropertyViewController.xib */,
			);
			name = property;
			sourceTree = "<group>";
		};
/* End PBXGroup section */

/* Begin PBXNativeTarget section */
		3E200EA31C4D5FB000A00A10 /* demo */ = {
			isa = PBXNativeTarget;
			buildConfigurationList = 3E200ECC1C4D5FB000A00A10 /* Build configuration list for PBXNativeTarget "demo" */;
			buildPhases = (
				7C53099EEE174A3F712B0B1F /* [CP] Check Pods Manifest.lock */,
				3E200EA01C4D5FB000A00A10 /* Sources */,
				3E200EA11C4D5FB000A00A10 /* Frameworks */,
				3E200EA21C4D5FB000A00A10 /* Resources */,
				3E66A72B1DC79177005628AC /* Embed Frameworks */,
				0212C0213A7A34F82FA3A1DD /* [CP] Embed Pods Frameworks */,
				0FCE91EDCE0F0781456F4CA4 /* [CP] Copy Pods Resources */,
			);
			buildRules = (
			);
			dependencies = (
			);
			name = demo;
			productName = demo;
			productReference = 3E200EA41C4D5FB000A00A10 /* demo.app */;
			productType = "com.apple.product-type.application";
		};
		3E200EB71C4D5FB000A00A10 /* demoTests */ = {
			isa = PBXNativeTarget;
			buildConfigurationList = 3E200ECF1C4D5FB000A00A10 /* Build configuration list for PBXNativeTarget "demoTests" */;
			buildPhases = (
				3E200EB41C4D5FB000A00A10 /* Sources */,
				3E200EB51C4D5FB000A00A10 /* Frameworks */,
				3E200EB61C4D5FB000A00A10 /* Resources */,
			);
			buildRules = (
			);
			dependencies = (
				3E200EBA1C4D5FB000A00A10 /* PBXTargetDependency */,
			);
			name = demoTests;
			productName = demoTests;
			productReference = 3E200EB81C4D5FB000A00A10 /* demoTests.xctest */;
			productType = "com.apple.product-type.bundle.unit-test";
		};
		3E200EC21C4D5FB000A00A10 /* demoUITests */ = {
			isa = PBXNativeTarget;
			buildConfigurationList = 3E200ED21C4D5FB000A00A10 /* Build configuration list for PBXNativeTarget "demoUITests" */;
			buildPhases = (
				3E200EBF1C4D5FB000A00A10 /* Sources */,
				3E200EC01C4D5FB000A00A10 /* Frameworks */,
				3E200EC11C4D5FB000A00A10 /* Resources */,
			);
			buildRules = (
			);
			dependencies = (
				3E200EC51C4D5FB000A00A10 /* PBXTargetDependency */,
			);
			name = demoUITests;
			productName = demoUITests;
			productReference = 3E200EC31C4D5FB000A00A10 /* demoUITests.xctest */;
			productType = "com.apple.product-type.bundle.ui-testing";
		};
/* End PBXNativeTarget section */

/* Begin PBXProject section */
		3E200E9C1C4D5FB000A00A10 /* Project object */ = {
			isa = PBXProject;
			attributes = {
				LastSwiftUpdateCheck = 0720;
				LastUpgradeCheck = 0720;
				ORGANIZATIONNAME = lin;
				TargetAttributes = {
					3E200EA31C4D5FB000A00A10 = {
						CreatedOnToolsVersion = 7.2;
						DevelopmentTeam = 52EW4R7GEM;
						LastSwiftMigration = 0800;
						SystemCapabilities = {
							com.apple.BackgroundModes = {
								enabled = 1;
							};
						};
					};
					3E200EB71C4D5FB000A00A10 = {
						CreatedOnToolsVersion = 7.2;
						LastSwiftMigration = 0800;
						TestTargetID = 3E200EA31C4D5FB000A00A10;
					};
					3E200EC21C4D5FB000A00A10 = {
						CreatedOnToolsVersion = 7.2;
						LastSwiftMigration = 0800;
						TestTargetID = 3E200EA31C4D5FB000A00A10;
					};
				};
			};
			buildConfigurationList = 3E200E9F1C4D5FB000A00A10 /* Build configuration list for PBXProject "demo" */;
			compatibilityVersion = "Xcode 3.2";
			developmentRegion = English;
			hasScannedForEncodings = 0;
			knownRegions = (
				en,
				Base,
			);
			mainGroup = 3E200E9B1C4D5FB000A00A10;
			productRefGroup = 3E200EA51C4D5FB000A00A10 /* Products */;
			projectDirPath = "";
			projectRoot = "";
			targets = (
				3E200EA31C4D5FB000A00A10 /* demo */,
				3E200EB71C4D5FB000A00A10 /* demoTests */,
				3E200EC21C4D5FB000A00A10 /* demoUITests */,
			);
		};
/* End PBXProject section */

/* Begin PBXResourcesBuildPhase section */
		3E200EA21C4D5FB000A00A10 /* Resources */ = {
			isa = PBXResourcesBuildPhase;
			buildActionMask = 2147483647;
			files = (
				3E200EB21C4D5FB000A00A10 /* LaunchScreen.storyboard in Resources */,
				3E2EC8AA1ECDEF4500239032 /* RACViewController2.xib in Resources */,
				3EE51EE31CE8C9B90032729F /* web in Resources */,
				FE6467871EE7E386007115B6 /* PropertyViewController.xib in Resources */,
				3E200EAF1C4D5FB000A00A10 /* Assets.xcassets in Resources */,
				3E200EAD1C4D5FB000A00A10 /* Main.storyboard in Resources */,
			);
			runOnlyForDeploymentPostprocessing = 0;
		};
		3E200EB61C4D5FB000A00A10 /* Resources */ = {
			isa = PBXResourcesBuildPhase;
			buildActionMask = 2147483647;
			files = (
			);
			runOnlyForDeploymentPostprocessing = 0;
		};
		3E200EC11C4D5FB000A00A10 /* Resources */ = {
			isa = PBXResourcesBuildPhase;
			buildActionMask = 2147483647;
			files = (
			);
			runOnlyForDeploymentPostprocessing = 0;
		};
/* End PBXResourcesBuildPhase section */

/* Begin PBXShellScriptBuildPhase section */
		0212C0213A7A34F82FA3A1DD /* [CP] Embed Pods Frameworks */ = {
			isa = PBXShellScriptBuildPhase;
			buildActionMask = 2147483647;
			files = (
			);
			inputPaths = (
				"${SRCROOT}/../Pods/Target Support Files/Pods-demo/Pods-demo-frameworks.sh",
				"${BUILT_PRODUCTS_DIR}/ReactiveCocoa/ReactiveCocoa.framework",
				"${BUILT_PRODUCTS_DIR}/ReactiveSwift/ReactiveSwift.framework",
				"${BUILT_PRODUCTS_DIR}/Result/Result.framework",
			);
			name = "[CP] Embed Pods Frameworks";
			outputPaths = (
				"${TARGET_BUILD_DIR}/${FRAMEWORKS_FOLDER_PATH}/ReactiveCocoa.framework",
				"${TARGET_BUILD_DIR}/${FRAMEWORKS_FOLDER_PATH}/ReactiveSwift.framework",
				"${TARGET_BUILD_DIR}/${FRAMEWORKS_FOLDER_PATH}/Result.framework",
			);
			runOnlyForDeploymentPostprocessing = 0;
			shellPath = /bin/sh;
			shellScript = "\"${SRCROOT}/../Pods/Target Support Files/Pods-demo/Pods-demo-frameworks.sh\"\n";
			showEnvVarsInLog = 0;
		};
		0FCE91EDCE0F0781456F4CA4 /* [CP] Copy Pods Resources */ = {
			isa = PBXShellScriptBuildPhase;
			buildActionMask = 2147483647;
			files = (
			);
			inputPaths = (
			);
			name = "[CP] Copy Pods Resources";
			outputPaths = (
			);
			runOnlyForDeploymentPostprocessing = 0;
			shellPath = /bin/sh;
			shellScript = "\"${SRCROOT}/../Pods/Target Support Files/Pods-demo/Pods-demo-resources.sh\"\n";
			showEnvVarsInLog = 0;
		};
		7C53099EEE174A3F712B0B1F /* [CP] Check Pods Manifest.lock */ = {
			isa = PBXShellScriptBuildPhase;
			buildActionMask = 2147483647;
			files = (
			);
			inputPaths = (
				"${PODS_PODFILE_DIR_PATH}/Podfile.lock",
				"${PODS_ROOT}/Manifest.lock",
			);
			name = "[CP] Check Pods Manifest.lock";
			outputPaths = (
				"$(DERIVED_FILE_DIR)/Pods-demo-checkManifestLockResult.txt",
			);
			runOnlyForDeploymentPostprocessing = 0;
			shellPath = /bin/sh;
			shellScript = "diff \"${PODS_PODFILE_DIR_PATH}/Podfile.lock\" \"${PODS_ROOT}/Manifest.lock\" > /dev/null\nif [ $? != 0 ] ; then\n    # print error to STDERR\n    echo \"error: The sandbox is not in sync with the Podfile.lock. Run 'pod install' or update your CocoaPods installation.\" >&2\n    exit 1\nfi\n# This output is used by Xcode 'outputs' to avoid re-running this script phase.\necho \"SUCCESS\" > \"${SCRIPT_OUTPUT_FILE_0}\"\n";
			showEnvVarsInLog = 0;
		};
/* End PBXShellScriptBuildPhase section */

/* Begin PBXSourcesBuildPhase section */
		3E200EA01C4D5FB000A00A10 /* Sources */ = {
			isa = PBXSourcesBuildPhase;
			buildActionMask = 2147483647;
			files = (
				3EB565AF1DD368F400828FF7 /* RAC.swift in Sources */,
				3E2EC8AC1ECE82C100239032 /* Exts.swift in Sources */,
				3EA79C4C1DDC0D4900972A8A /* MVVM.swift in Sources */,
				3EB565C01DD435D300828FF7 /* RACVM.swift in Sources */,
				3E98399B1D21023D00CF3049 /* ScrollImagesController.swift in Sources */,
				FECE839F1EE4F91C0072BC55 /* FromController.swift in Sources */,
				3E6AF3031EB21F3000B5DB1F /* TableTestController.swift in Sources */,
				3E200EAA1C4D5FB000A00A10 /* ViewController.swift in Sources */,
				FE424A9C1EFA6A77001DCC2C /* FromViewModel.swift in Sources */,
				3EC64EAF1D0AEF2500717357 /* WebViewController.swift in Sources */,
				FE6467861EE7E386007115B6 /* PropertyViewController.swift in Sources */,
				3E200EA81C4D5FB000A00A10 /* AppDelegate.swift in Sources */,
				FECE83A11EE4FCAA0072BC55 /* TestViewController.swift in Sources */,
				3E6AF3051EB21F4000B5DB1F /* TableTestViewModel.swift in Sources */,
				3E519A131DDEEF4900B60C0E /* MainViewModel.swift in Sources */,
				3E519A111DDEED7200B60C0E /* MainViewController.swift in Sources */,
				FE6467831EE7E2ED007115B6 /* CategoryVo.swift in Sources */,
				189B79451EDFEF62004D1AA3 /* CommodityDetialEditController.swift in Sources */,
			);
			runOnlyForDeploymentPostprocessing = 0;
		};
		3E200EB41C4D5FB000A00A10 /* Sources */ = {
			isa = PBXSourcesBuildPhase;
			buildActionMask = 2147483647;
			files = (
				3E200EBD1C4D5FB000A00A10 /* demoTests.swift in Sources */,
			);
			runOnlyForDeploymentPostprocessing = 0;
		};
		3E200EBF1C4D5FB000A00A10 /* Sources */ = {
			isa = PBXSourcesBuildPhase;
			buildActionMask = 2147483647;
			files = (
				3E200EC81C4D5FB000A00A10 /* demoUITests.swift in Sources */,
			);
			runOnlyForDeploymentPostprocessing = 0;
		};
/* End PBXSourcesBuildPhase section */

/* Begin PBXTargetDependency section */
		3E200EBA1C4D5FB000A00A10 /* PBXTargetDependency */ = {
			isa = PBXTargetDependency;
			target = 3E200EA31C4D5FB000A00A10 /* demo */;
			targetProxy = 3E200EB91C4D5FB000A00A10 /* PBXContainerItemProxy */;
		};
		3E200EC51C4D5FB000A00A10 /* PBXTargetDependency */ = {
			isa = PBXTargetDependency;
			target = 3E200EA31C4D5FB000A00A10 /* demo */;
			targetProxy = 3E200EC41C4D5FB000A00A10 /* PBXContainerItemProxy */;
		};
/* End PBXTargetDependency section */

/* Begin PBXVariantGroup section */
		3E200EAB1C4D5FB000A00A10 /* Main.storyboard */ = {
			isa = PBXVariantGroup;
			children = (
				3E200EAC1C4D5FB000A00A10 /* Base */,
			);
			name = Main.storyboard;
			sourceTree = "<group>";
		};
		3E200EB01C4D5FB000A00A10 /* LaunchScreen.storyboard */ = {
			isa = PBXVariantGroup;
			children = (
				3E200EB11C4D5FB000A00A10 /* Base */,
			);
			name = LaunchScreen.storyboard;
			sourceTree = "<group>";
		};
/* End PBXVariantGroup section */

/* Begin XCBuildConfiguration section */
		3E200ECA1C4D5FB000A00A10 /* Debug */ = {
			isa = XCBuildConfiguration;
			buildSettings = {
				ALWAYS_SEARCH_USER_PATHS = NO;
				CLANG_CXX_LANGUAGE_STANDARD = "gnu++0x";
				CLANG_CXX_LIBRARY = "libc++";
				CLANG_ENABLE_MODULES = YES;
				CLANG_ENABLE_OBJC_ARC = YES;
				CLANG_WARN_BOOL_CONVERSION = YES;
				CLANG_WARN_CONSTANT_CONVERSION = YES;
				CLANG_WARN_DIRECT_OBJC_ISA_USAGE = YES_ERROR;
				CLANG_WARN_EMPTY_BODY = YES;
				CLANG_WARN_ENUM_CONVERSION = YES;
				CLANG_WARN_INT_CONVERSION = YES;
				CLANG_WARN_OBJC_ROOT_CLASS = YES_ERROR;
				CLANG_WARN_UNREACHABLE_CODE = YES;
				CLANG_WARN__DUPLICATE_METHOD_MATCH = YES;
				"CODE_SIGN_IDENTITY[sdk=iphoneos*]" = "iPhone Developer";
				COPY_PHASE_STRIP = NO;
				DEBUG_INFORMATION_FORMAT = dwarf;
				ENABLE_STRICT_OBJC_MSGSEND = YES;
				ENABLE_TESTABILITY = YES;
				GCC_C_LANGUAGE_STANDARD = gnu99;
				GCC_DYNAMIC_NO_PIC = NO;
				GCC_NO_COMMON_BLOCKS = YES;
				GCC_OPTIMIZATION_LEVEL = 0;
				GCC_PREPROCESSOR_DEFINITIONS = (
					"DEBUG=1",
					"$(inherited)",
				);
				GCC_WARN_64_TO_32_BIT_CONVERSION = YES;
				GCC_WARN_ABOUT_RETURN_TYPE = YES_ERROR;
				GCC_WARN_UNDECLARED_SELECTOR = YES;
				GCC_WARN_UNINITIALIZED_AUTOS = YES_AGGRESSIVE;
				GCC_WARN_UNUSED_FUNCTION = YES;
				GCC_WARN_UNUSED_VARIABLE = YES;
				IPHONEOS_DEPLOYMENT_TARGET = 9.2;
				MTL_ENABLE_DEBUG_INFO = YES;
				ONLY_ACTIVE_ARCH = YES;
				SDKROOT = iphoneos;
				SWIFT_OPTIMIZATION_LEVEL = "-Onone";
				TARGETED_DEVICE_FAMILY = "1,2";
			};
			name = Debug;
		};
		3E200ECB1C4D5FB000A00A10 /* Release */ = {
			isa = XCBuildConfiguration;
			buildSettings = {
				ALWAYS_SEARCH_USER_PATHS = NO;
				CLANG_CXX_LANGUAGE_STANDARD = "gnu++0x";
				CLANG_CXX_LIBRARY = "libc++";
				CLANG_ENABLE_MODULES = YES;
				CLANG_ENABLE_OBJC_ARC = YES;
				CLANG_WARN_BOOL_CONVERSION = YES;
				CLANG_WARN_CONSTANT_CONVERSION = YES;
				CLANG_WARN_DIRECT_OBJC_ISA_USAGE = YES_ERROR;
				CLANG_WARN_EMPTY_BODY = YES;
				CLANG_WARN_ENUM_CONVERSION = YES;
				CLANG_WARN_INT_CONVERSION = YES;
				CLANG_WARN_OBJC_ROOT_CLASS = YES_ERROR;
				CLANG_WARN_UNREACHABLE_CODE = YES;
				CLANG_WARN__DUPLICATE_METHOD_MATCH = YES;
				"CODE_SIGN_IDENTITY[sdk=iphoneos*]" = "iPhone Developer";
				COPY_PHASE_STRIP = NO;
				DEBUG_INFORMATION_FORMAT = "dwarf-with-dsym";
				ENABLE_NS_ASSERTIONS = NO;
				ENABLE_STRICT_OBJC_MSGSEND = YES;
				GCC_C_LANGUAGE_STANDARD = gnu99;
				GCC_NO_COMMON_BLOCKS = YES;
				GCC_WARN_64_TO_32_BIT_CONVERSION = YES;
				GCC_WARN_ABOUT_RETURN_TYPE = YES_ERROR;
				GCC_WARN_UNDECLARED_SELECTOR = YES;
				GCC_WARN_UNINITIALIZED_AUTOS = YES_AGGRESSIVE;
				GCC_WARN_UNUSED_FUNCTION = YES;
				GCC_WARN_UNUSED_VARIABLE = YES;
				IPHONEOS_DEPLOYMENT_TARGET = 9.2;
				MTL_ENABLE_DEBUG_INFO = NO;
				SDKROOT = iphoneos;
				TARGETED_DEVICE_FAMILY = "1,2";
				VALIDATE_PRODUCT = YES;
			};
			name = Release;
		};
		3E200ECD1C4D5FB000A00A10 /* Debug */ = {
			isa = XCBuildConfiguration;
			baseConfigurationReference = DC0BAD3412467BC34B233B21 /* Pods-demo.debug.xcconfig */;
			buildSettings = {
				ASSETCATALOG_COMPILER_APPICON_NAME = AppIcon;
				CODE_SIGN_IDENTITY = "iPhone Developer";
				"CODE_SIGN_IDENTITY[sdk=iphoneos*]" = "iPhone Developer";
				DEVELOPMENT_TEAM = 52EW4R7GEM;
				FRAMEWORK_SEARCH_PATHS = (
					"$(inherited)",
					"$(PROJECT_DIR)",
				);
				INFOPLIST_FILE = demo/Info.plist;
				IPHONEOS_DEPLOYMENT_TARGET = 9.0;
				LD_RUNPATH_SEARCH_PATHS = "$(inherited) @executable_path/Frameworks";
				OTHER_LDFLAGS = "-all_load";
				PRODUCT_BUNDLE_IDENTIFIER = lin.demo;
				PRODUCT_NAME = "$(TARGET_NAME)";
				PROVISIONING_PROFILE = "";
				SWIFT_VERSION = 3.0;
			};
			name = Debug;
		};
		3E200ECE1C4D5FB000A00A10 /* Release */ = {
			isa = XCBuildConfiguration;
			baseConfigurationReference = DDBED86DD6B8B51E312AE66A /* Pods-demo.release.xcconfig */;
			buildSettings = {
				ASSETCATALOG_COMPILER_APPICON_NAME = AppIcon;
				CODE_SIGN_IDENTITY = "iPhone Developer";
				"CODE_SIGN_IDENTITY[sdk=iphoneos*]" = "iPhone Developer";
				DEVELOPMENT_TEAM = 52EW4R7GEM;
				FRAMEWORK_SEARCH_PATHS = (
					"$(inherited)",
					"$(PROJECT_DIR)",
				);
				INFOPLIST_FILE = demo/Info.plist;
				IPHONEOS_DEPLOYMENT_TARGET = 9.0;
				LD_RUNPATH_SEARCH_PATHS = "$(inherited) @executable_path/Frameworks";
				OTHER_LDFLAGS = "-all_load";
				PRODUCT_BUNDLE_IDENTIFIER = lin.demo;
				PRODUCT_NAME = "$(TARGET_NAME)";
				PROVISIONING_PROFILE = "";
				SWIFT_VERSION = 3.0;
			};
			name = Release;
		};
		3E200ED01C4D5FB000A00A10 /* Debug */ = {
			isa = XCBuildConfiguration;
			buildSettings = {
				BUNDLE_LOADER = "$(TEST_HOST)";
				INFOPLIST_FILE = demoTests/Info.plist;
				LD_RUNPATH_SEARCH_PATHS = "$(inherited) @executable_path/Frameworks @loader_path/Frameworks";
				PRODUCT_BUNDLE_IDENTIFIER = lin.demoTests;
				PRODUCT_NAME = "$(TARGET_NAME)";
				SWIFT_VERSION = 3.0;
				TEST_HOST = "$(BUILT_PRODUCTS_DIR)/demo.app/demo";
			};
			name = Debug;
		};
		3E200ED11C4D5FB000A00A10 /* Release */ = {
			isa = XCBuildConfiguration;
			buildSettings = {
				BUNDLE_LOADER = "$(TEST_HOST)";
				INFOPLIST_FILE = demoTests/Info.plist;
				LD_RUNPATH_SEARCH_PATHS = "$(inherited) @executable_path/Frameworks @loader_path/Frameworks";
				PRODUCT_BUNDLE_IDENTIFIER = lin.demoTests;
				PRODUCT_NAME = "$(TARGET_NAME)";
				SWIFT_VERSION = 3.0;
				TEST_HOST = "$(BUILT_PRODUCTS_DIR)/demo.app/demo";
			};
			name = Release;
		};
		3E200ED31C4D5FB000A00A10 /* Debug */ = {
			isa = XCBuildConfiguration;
			buildSettings = {
				INFOPLIST_FILE = demoUITests/Info.plist;
				LD_RUNPATH_SEARCH_PATHS = "$(inherited) @executable_path/Frameworks @loader_path/Frameworks";
				PRODUCT_BUNDLE_IDENTIFIER = lin.demoUITests;
				PRODUCT_NAME = "$(TARGET_NAME)";
				SWIFT_VERSION = 3.0;
				TEST_TARGET_NAME = demo;
				USES_XCTRUNNER = YES;
			};
			name = Debug;
		};
		3E200ED41C4D5FB000A00A10 /* Release */ = {
			isa = XCBuildConfiguration;
			buildSettings = {
				INFOPLIST_FILE = demoUITests/Info.plist;
				LD_RUNPATH_SEARCH_PATHS = "$(inherited) @executable_path/Frameworks @loader_path/Frameworks";
				PRODUCT_BUNDLE_IDENTIFIER = lin.demoUITests;
				PRODUCT_NAME = "$(TARGET_NAME)";
				SWIFT_VERSION = 3.0;
				TEST_TARGET_NAME = demo;
				USES_XCTRUNNER = YES;
			};
			name = Release;
		};
/* End XCBuildConfiguration section */

/* Begin XCConfigurationList section */
		3E200E9F1C4D5FB000A00A10 /* Build configuration list for PBXProject "demo" */ = {
			isa = XCConfigurationList;
			buildConfigurations = (
				3E200ECA1C4D5FB000A00A10 /* Debug */,
				3E200ECB1C4D5FB000A00A10 /* Release */,
			);
			defaultConfigurationIsVisible = 0;
			defaultConfigurationName = Release;
		};
		3E200ECC1C4D5FB000A00A10 /* Build configuration list for PBXNativeTarget "demo" */ = {
			isa = XCConfigurationList;
			buildConfigurations = (
				3E200ECD1C4D5FB000A00A10 /* Debug */,
				3E200ECE1C4D5FB000A00A10 /* Release */,
			);
			defaultConfigurationIsVisible = 0;
			defaultConfigurationName = Release;
		};
		3E200ECF1C4D5FB000A00A10 /* Build configuration list for PBXNativeTarget "demoTests" */ = {
			isa = XCConfigurationList;
			buildConfigurations = (
				3E200ED01C4D5FB000A00A10 /* Debug */,
				3E200ED11C4D5FB000A00A10 /* Release */,
			);
			defaultConfigurationIsVisible = 0;
			defaultConfigurationName = Release;
		};
		3E200ED21C4D5FB000A00A10 /* Build configuration list for PBXNativeTarget "demoUITests" */ = {
			isa = XCConfigurationList;
			buildConfigurations = (
				3E200ED31C4D5FB000A00A10 /* Debug */,
				3E200ED41C4D5FB000A00A10 /* Release */,
			);
			defaultConfigurationIsVisible = 0;
			defaultConfigurationName = Release;
		};
/* End XCConfigurationList section */
	};
	rootObject = 3E200E9C1C4D5FB000A00A10 /* Project object */;
}
